# @generated by Move, please check-in and do not edit manually.

[move]
version = 2
manifest_digest = "36B48EDE23D407524873DEF37819E2C87488786077158E97797BDC83E72415FF"
deps_digest = "060AD7E57DFB13104F21BE5F5C3759D03F0553FC3229247D9A7A6B45F50D03A3"
dependencies = [
  { name = "DeepBook" },
  { name = "Sui" },
  { name = "SuiTears" },
]

[[move.package]]
name = "DeepBook"
source = { git = "https://github.com/MystenLabs/sui.git", rev = "framework/testnet", subdir = "crates/sui-framework/packages/deepbook" }

dependencies = [
  { name = "MoveStdlib" },
  { name = "Sui" },
]

[[move.package]]
name = "MoveStdlib"
source = { git = "https://github.com/MystenLabs/sui.git", rev = "framework/testnet", subdir = "crates/sui-framework/packages/move-stdlib" }

[[move.package]]
name = "Sui"
source = { git = "https://github.com/MystenLabs/sui.git", rev = "framework/testnet", subdir = "crates/sui-framework/packages/sui-framework" }

dependencies = [
  { name = "MoveStdlib" },
]

[[move.package]]
name = "SuiTears"
source = { git = "https://github.com/interest-protocol/suitears.git", rev = "testnet", subdir = "contracts" }

dependencies = [
  { name = "MoveStdlib" },
  { name = "Sui" },
]

[move.toolchain-version]
compiler-version = "1.25.1"
edition = "2024.beta"
flavor = "sui"
